
Microsoft Visual Studio Solution File, Format Version 12.00
# Visual Studio Version 17
VisualStudioVersion = 17.7.34031.279
MinimumVisualStudioVersion = 10.0.40219.1
Project("{FAE04EC0-301F-11D3-BF4B-00C04F79EFBC}") = "hoja2EjerciciosC#", "hoja2EjerciciosC#.csproj", "{417FBD27-2200-43E0-B29A-3BCCDBBF1E99}"
EndProject
Global
	GlobalSection(SolutionConfigurationPlatforms) = preSolution
		Debug|Any CPU = Debug|Any CPU
		Release|Any CPU = Release|Any CPU
	EndGlobalSection
	GlobalSection(ProjectConfigurationPlatforms) = postSolution
		{417FBD27-2200-43E0-B29A-3BCCDBBF1E99}.Debug|Any CPU.ActiveCfg = Debug|Any CPU
		{417FBD27-2200-43E0-B29A-3BCCDBBF1E99}.Debug|Any CPU.Build.0 = Debug|Any CPU
		{417FBD27-2200-43E0-B29A-3BCCDBBF1E99}.Release|Any CPU.ActiveCfg = Release|Any CPU
		{417FBD27-2200-43E0-B29A-3BCCDBBF1E99}.Release|Any CPU.Build.0 = Release|Any CPU
	EndGlobalSection
	GlobalSection(SolutionProperties) = preSolution
		HideSolutionNode = FALSE
	EndGlobalSection
	GlobalSection(ExtensibilityGlobals) = postSolution
		SolutionGuid = {3E2A9B36-4B78-45B3-9BC7-519FA7669216}
	EndGlobalSection
EndGlobal
