
Microsoft Visual Studio Solution File, Format Version 12.00
# Visual Studio Version 17
VisualStudioVersion = 17.7.34031.279
MinimumVisualStudioVersion = 10.0.40219.1
Project("{FAE04EC0-301F-11D3-BF4B-00C04F79EFBC}") = "AplicacionMDI", "AplicacionMDI.csproj", "{4F0F756F-5093-4156-A3CB-B377F00DAD8A}"
EndProject
Global
	GlobalSection(SolutionConfigurationPlatforms) = preSolution
		Debug|Any CPU = Debug|Any CPU
		Release|Any CPU = Release|Any CPU
	EndGlobalSection
	GlobalSection(ProjectConfigurationPlatforms) = postSolution
		{4F0F756F-5093-4156-A3CB-B377F00DAD8A}.Debug|Any CPU.ActiveCfg = Debug|Any CPU
		{4F0F756F-5093-4156-A3CB-B377F00DAD8A}.Debug|Any CPU.Build.0 = Debug|Any CPU
		{4F0F756F-5093-4156-A3CB-B377F00DAD8A}.Release|Any CPU.ActiveCfg = Release|Any CPU
		{4F0F756F-5093-4156-A3CB-B377F00DAD8A}.Release|Any CPU.Build.0 = Release|Any CPU
	EndGlobalSection
	GlobalSection(SolutionProperties) = preSolution
		HideSolutionNode = FALSE
	EndGlobalSection
	GlobalSection(ExtensibilityGlobals) = postSolution
		SolutionGuid = {AF4F2735-94EB-4CB1-87AB-32A1AA299730}
	EndGlobalSection
EndGlobal
