
Microsoft Visual Studio Solution File, Format Version 12.00
# Visual Studio Version 17
VisualStudioVersion = 17.7.34031.279
MinimumVisualStudioVersion = 10.0.40219.1
Project("{FAE04EC0-301F-11D3-BF4B-00C04F79EFBC}") = "Examen_AO", "Examen_AO.csproj", "{A3060ABD-0A6C-43C3-8E6A-0F3CA0E8377C}"
EndProject
Global
	GlobalSection(SolutionConfigurationPlatforms) = preSolution
		Debug|Any CPU = Debug|Any CPU
		Release|Any CPU = Release|Any CPU
	EndGlobalSection
	GlobalSection(ProjectConfigurationPlatforms) = postSolution
		{A3060ABD-0A6C-43C3-8E6A-0F3CA0E8377C}.Debug|Any CPU.ActiveCfg = Debug|Any CPU
		{A3060ABD-0A6C-43C3-8E6A-0F3CA0E8377C}.Debug|Any CPU.Build.0 = Debug|Any CPU
		{A3060ABD-0A6C-43C3-8E6A-0F3CA0E8377C}.Release|Any CPU.ActiveCfg = Release|Any CPU
		{A3060ABD-0A6C-43C3-8E6A-0F3CA0E8377C}.Release|Any CPU.Build.0 = Release|Any CPU
	EndGlobalSection
	GlobalSection(SolutionProperties) = preSolution
		HideSolutionNode = FALSE
	EndGlobalSection
	GlobalSection(ExtensibilityGlobals) = postSolution
		SolutionGuid = {58351B8F-56C8-4105-B107-7791655A143F}
	EndGlobalSection
EndGlobal
