
Microsoft Visual Studio Solution File, Format Version 12.00
# Visual Studio Version 17
VisualStudioVersion = 17.7.34031.279
MinimumVisualStudioVersion = 10.0.40219.1
Project("{FAE04EC0-301F-11D3-BF4B-00C04F79EFBC}") = "EjemploDisenador", "EjemploDisenador.csproj", "{F3E7F816-AE0B-48E3-93CA-25BAC84AE95B}"
EndProject
Global
	GlobalSection(SolutionConfigurationPlatforms) = preSolution
		Debug|Any CPU = Debug|Any CPU
		Release|Any CPU = Release|Any CPU
	EndGlobalSection
	GlobalSection(ProjectConfigurationPlatforms) = postSolution
		{F3E7F816-AE0B-48E3-93CA-25BAC84AE95B}.Debug|Any CPU.ActiveCfg = Debug|Any CPU
		{F3E7F816-AE0B-48E3-93CA-25BAC84AE95B}.Debug|Any CPU.Build.0 = Debug|Any CPU
		{F3E7F816-AE0B-48E3-93CA-25BAC84AE95B}.Release|Any CPU.ActiveCfg = Release|Any CPU
		{F3E7F816-AE0B-48E3-93CA-25BAC84AE95B}.Release|Any CPU.Build.0 = Release|Any CPU
	EndGlobalSection
	GlobalSection(SolutionProperties) = preSolution
		HideSolutionNode = FALSE
	EndGlobalSection
	GlobalSection(ExtensibilityGlobals) = postSolution
		SolutionGuid = {84162586-FDCA-4B46-9908-192817BE3B41}
	EndGlobalSection
EndGlobal
