
Microsoft Visual Studio Solution File, Format Version 12.00
# Visual Studio Version 17
VisualStudioVersion = 17.7.34031.279
MinimumVisualStudioVersion = 10.0.40219.1
Project("{FAE04EC0-301F-11D3-BF4B-00C04F79EFBC}") = "EjercicioClasesHerencia", "EjercicioClasesHerencia.csproj", "{D98C4DB3-26AA-4219-B778-A5095DF21D24}"
EndProject
Project("{FAE04EC0-301F-11D3-BF4B-00C04F79EFBC}") = "Examen", "..\Examen\Examen.csproj", "{8E60EBC2-9A00-4447-A38D-FFF6FF4F03CD}"
EndProject
Global
	GlobalSection(SolutionConfigurationPlatforms) = preSolution
		Debug|Any CPU = Debug|Any CPU
		Release|Any CPU = Release|Any CPU
	EndGlobalSection
	GlobalSection(ProjectConfigurationPlatforms) = postSolution
		{D98C4DB3-26AA-4219-B778-A5095DF21D24}.Debug|Any CPU.ActiveCfg = Debug|Any CPU
		{D98C4DB3-26AA-4219-B778-A5095DF21D24}.Debug|Any CPU.Build.0 = Debug|Any CPU
		{D98C4DB3-26AA-4219-B778-A5095DF21D24}.Release|Any CPU.ActiveCfg = Release|Any CPU
		{D98C4DB3-26AA-4219-B778-A5095DF21D24}.Release|Any CPU.Build.0 = Release|Any CPU
		{8E60EBC2-9A00-4447-A38D-FFF6FF4F03CD}.Debug|Any CPU.ActiveCfg = Debug|Any CPU
		{8E60EBC2-9A00-4447-A38D-FFF6FF4F03CD}.Debug|Any CPU.Build.0 = Debug|Any CPU
		{8E60EBC2-9A00-4447-A38D-FFF6FF4F03CD}.Release|Any CPU.ActiveCfg = Release|Any CPU
		{8E60EBC2-9A00-4447-A38D-FFF6FF4F03CD}.Release|Any CPU.Build.0 = Release|Any CPU
	EndGlobalSection
	GlobalSection(SolutionProperties) = preSolution
		HideSolutionNode = FALSE
	EndGlobalSection
	GlobalSection(ExtensibilityGlobals) = postSolution
		SolutionGuid = {DEE1B36C-9BBF-475D-87EE-4BF16F45A9EA}
	EndGlobalSection
EndGlobal
